
Microsoft Visual Studio Solution File, Format Version 12.00
# Visual Studio Version 16
VisualStudioVersion = 16.0.29318.209
MinimumVisualStudioVersion = 10.0.40219.1
Project("{9A19103F-16F7-4668-BE54-9A1E7A4F7556}") = "Mjolnir", "src\Mjolnir\Mjolnir.csproj", "{34A32B9D-0751-4D5F-99C6-1858E9690FF6}"
EndProject
Project("{9A19103F-16F7-4668-BE54-9A1E7A4F7556}") = "Mjolnir.Tests", "src\Mjolnir.Tests\Mjolnir.Tests.csproj", "{A6F137D2-F37B-491F-8890-B00F1E10B2D9}"
EndProject
Global
	GlobalSection(SolutionConfigurationPlatforms) = preSolution
		Debug|Any CPU = Debug|Any CPU
		Debug|x64 = Debug|x64
		Debug|x86 = Debug|x86
		Release|Any CPU = Release|Any CPU
		Release|x64 = Release|x64
		Release|x86 = Release|x86
	EndGlobalSection
	GlobalSection(ProjectConfigurationPlatforms) = postSolution
		{34A32B9D-0751-4D5F-99C6-1858E9690FF6}.Debug|Any CPU.ActiveCfg = Debug|Any CPU
		{34A32B9D-0751-4D5F-99C6-1858E9690FF6}.Debug|Any CPU.Build.0 = Debug|Any CPU
		{34A32B9D-0751-4D5F-99C6-1858E9690FF6}.Debug|x64.ActiveCfg = Debug|Any CPU
		{34A32B9D-0751-4D5F-99C6-1858E9690FF6}.Debug|x64.Build.0 = Debug|Any CPU
		{34A32B9D-0751-4D5F-99C6-1858E9690FF6}.Debug|x86.ActiveCfg = Debug|Any CPU
		{34A32B9D-0751-4D5F-99C6-1858E9690FF6}.Debug|x86.Build.0 = Debug|Any CPU
		{34A32B9D-0751-4D5F-99C6-1858E9690FF6}.Release|Any CPU.ActiveCfg = Release|Any CPU
		{34A32B9D-0751-4D5F-99C6-1858E9690FF6}.Release|Any CPU.Build.0 = Release|Any CPU
		{34A32B9D-0751-4D5F-99C6-1858E9690FF6}.Release|x64.ActiveCfg = Release|Any CPU
		{34A32B9D-0751-4D5F-99C6-1858E9690FF6}.Release|x64.Build.0 = Release|Any CPU
		{34A32B9D-0751-4D5F-99C6-1858E9690FF6}.Release|x86.ActiveCfg = Release|Any CPU
		{34A32B9D-0751-4D5F-99C6-1858E9690FF6}.Release|x86.Build.0 = Release|Any CPU
		{A6F137D2-F37B-491F-8890-B00F1E10B2D9}.Debug|Any CPU.ActiveCfg = Debug|Any CPU
		{A6F137D2-F37B-491F-8890-B00F1E10B2D9}.Debug|Any CPU.Build.0 = Debug|Any CPU
		{A6F137D2-F37B-491F-8890-B00F1E10B2D9}.Debug|x64.ActiveCfg = Debug|Any CPU
		{A6F137D2-F37B-491F-8890-B00F1E10B2D9}.Debug|x64.Build.0 = Debug|Any CPU
		{A6F137D2-F37B-491F-8890-B00F1E10B2D9}.Debug|x86.ActiveCfg = Debug|Any CPU
		{A6F137D2-F37B-491F-8890-B00F1E10B2D9}.Debug|x86.Build.0 = Debug|Any CPU
		{A6F137D2-F37B-491F-8890-B00F1E10B2D9}.Release|Any CPU.ActiveCfg = Release|Any CPU
		{A6F137D2-F37B-491F-8890-B00F1E10B2D9}.Release|Any CPU.Build.0 = Release|Any CPU
		{A6F137D2-F37B-491F-8890-B00F1E10B2D9}.Release|x64.ActiveCfg = Release|Any CPU
		{A6F137D2-F37B-491F-8890-B00F1E10B2D9}.Release|x64.Build.0 = Release|Any CPU
		{A6F137D2-F37B-491F-8890-B00F1E10B2D9}.Release|x86.ActiveCfg = Release|Any CPU
		{A6F137D2-F37B-491F-8890-B00F1E10B2D9}.Release|x86.Build.0 = Release|Any CPU
	EndGlobalSection
	GlobalSection(SolutionProperties) = preSolution
		HideSolutionNode = FALSE
	EndGlobalSection
	GlobalSection(ExtensibilityGlobals) = postSolution
		SolutionGuid = {437A6FAD-E82B-4F41-B542-66840FA90FB0}
	EndGlobalSection
EndGlobal
