
Microsoft Visual Studio Solution File, Format Version 12.00
# Visual Studio 15
VisualStudioVersion = 15.0.26124.0
MinimumVisualStudioVersion = 15.0.26124.0
Project("{2150E333-8FDC-42A3-9474-1A3956D46DE8}") = "src", "src", "{4D8C9788-BBB8-4434-8F61-06F98364FB90}"
EndProject
Project("{FAE04EC0-301F-11D3-BF4B-00C04F79EFBC}") = "Mjolnir", "src\Mjolnir\Mjolnir.csproj", "{34A32B9D-0751-4D5F-99C6-1858E9690FF6}"
EndProject
Project("{FAE04EC0-301F-11D3-BF4B-00C04F79EFBC}") = "Mjolnir.Tests", "src\Mjolnir.Tests\Mjolnir.Tests.csproj", "{A6F137D2-F37B-491F-8890-B00F1E10B2D9}"
EndProject
Global
	GlobalSection(SolutionConfigurationPlatforms) = preSolution
		Debug|Any CPU = Debug|Any CPU
		Debug|x64 = Debug|x64
		Debug|x86 = Debug|x86
		Release|Any CPU = Release|Any CPU
		Release|x64 = Release|x64
		Release|x86 = Release|x86
	EndGlobalSection
	GlobalSection(SolutionProperties) = preSolution
		HideSolutionNode = FALSE
	EndGlobalSection
	GlobalSection(ProjectConfigurationPlatforms) = postSolution
		{34A32B9D-0751-4D5F-99C6-1858E9690FF6}.Debug|Any CPU.ActiveCfg = Debug|Any CPU
		{34A32B9D-0751-4D5F-99C6-1858E9690FF6}.Debug|Any CPU.Build.0 = Debug|Any CPU
		{34A32B9D-0751-4D5F-99C6-1858E9690FF6}.Debug|x64.ActiveCfg = Debug|Any CPU
		{34A32B9D-0751-4D5F-99C6-1858E9690FF6}.Debug|x64.Build.0 = Debug|Any CPU
		{34A32B9D-0751-4D5F-99C6-1858E9690FF6}.Debug|x86.ActiveCfg = Debug|Any CPU
		{34A32B9D-0751-4D5F-99C6-1858E9690FF6}.Debug|x86.Build.0 = Debug|Any CPU
		{34A32B9D-0751-4D5F-99C6-1858E9690FF6}.Release|Any CPU.ActiveCfg = Release|Any CPU
		{34A32B9D-0751-4D5F-99C6-1858E9690FF6}.Release|Any CPU.Build.0 = Release|Any CPU
		{34A32B9D-0751-4D5F-99C6-1858E9690FF6}.Release|x64.ActiveCfg = Release|Any CPU
		{34A32B9D-0751-4D5F-99C6-1858E9690FF6}.Release|x64.Build.0 = Release|Any CPU
		{34A32B9D-0751-4D5F-99C6-1858E9690FF6}.Release|x86.ActiveCfg = Release|Any CPU
		{34A32B9D-0751-4D5F-99C6-1858E9690FF6}.Release|x86.Build.0 = Release|Any CPU
		{A6F137D2-F37B-491F-8890-B00F1E10B2D9}.Debug|Any CPU.ActiveCfg = Debug|Any CPU
		{A6F137D2-F37B-491F-8890-B00F1E10B2D9}.Debug|Any CPU.Build.0 = Debug|Any CPU
		{A6F137D2-F37B-491F-8890-B00F1E10B2D9}.Debug|x64.ActiveCfg = Debug|Any CPU
		{A6F137D2-F37B-491F-8890-B00F1E10B2D9}.Debug|x64.Build.0 = Debug|Any CPU
		{A6F137D2-F37B-491F-8890-B00F1E10B2D9}.Debug|x86.ActiveCfg = Debug|Any CPU
		{A6F137D2-F37B-491F-8890-B00F1E10B2D9}.Debug|x86.Build.0 = Debug|Any CPU
		{A6F137D2-F37B-491F-8890-B00F1E10B2D9}.Release|Any CPU.ActiveCfg = Release|Any CPU
		{A6F137D2-F37B-491F-8890-B00F1E10B2D9}.Release|Any CPU.Build.0 = Release|Any CPU
		{A6F137D2-F37B-491F-8890-B00F1E10B2D9}.Release|x64.ActiveCfg = Release|Any CPU
		{A6F137D2-F37B-491F-8890-B00F1E10B2D9}.Release|x64.Build.0 = Release|Any CPU
		{A6F137D2-F37B-491F-8890-B00F1E10B2D9}.Release|x86.ActiveCfg = Release|Any CPU
		{A6F137D2-F37B-491F-8890-B00F1E10B2D9}.Release|x86.Build.0 = Release|Any CPU
	EndGlobalSection
	GlobalSection(NestedProjects) = preSolution
		{34A32B9D-0751-4D5F-99C6-1858E9690FF6} = {4D8C9788-BBB8-4434-8F61-06F98364FB90}
		{A6F137D2-F37B-491F-8890-B00F1E10B2D9} = {4D8C9788-BBB8-4434-8F61-06F98364FB90}
	EndGlobalSection
EndGlobal
